
Microsoft Visual Studio Solution File, Format Version 12.00
# Visual Studio 2013
VisualStudioVersion = 12.0.21005.1
MinimumVisualStudioVersion = 10.0.40219.1
Project("{E24C65DC-7377-472B-9ABA-BC803B73C61A}") = "Blockchain_Insurance_Final", "http://localhost:1325", "{53F3F2FA-4BA3-473F-AF6C-E7763406D8FA}"
	ProjectSection(WebsiteProperties) = preProject
		UseIISExpress = "true"
		TargetFrameworkMoniker = ".NETFramework,Version%3Dv4.0"
		Debug.AspNetCompiler.VirtualPath = "/localhost_1325"
		Debug.AspNetCompiler.PhysicalPath = "E:\Blockchain_Insurance_Final\"
		Debug.AspNetCompiler.TargetPath = "PrecompiledWeb\localhost_1325\"
		Debug.AspNetCompiler.Updateable = "true"
		Debug.AspNetCompiler.ForceOverwrite = "true"
		Debug.AspNetCompiler.FixedNames = "false"
		Debug.AspNetCompiler.Debug = "True"
		Release.AspNetCompiler.VirtualPath = "/localhost_1325"
		Release.AspNetCompiler.PhysicalPath = "E:\Blockchain_Insurance_Final\"
		Release.AspNetCompiler.TargetPath = "PrecompiledWeb\localhost_1325\"
		Release.AspNetCompiler.Updateable = "true"
		Release.AspNetCompiler.ForceOverwrite = "true"
		Release.AspNetCompiler.FixedNames = "false"
		Release.AspNetCompiler.Debug = "False"
		SlnRelativePath = "E:\Blockchain_Insurance_Final\"
	EndProjectSection
EndProject
Global
	GlobalSection(SolutionConfigurationPlatforms) = preSolution
		Debug|Any CPU = Debug|Any CPU
	EndGlobalSection
	GlobalSection(ProjectConfigurationPlatforms) = postSolution
		{53F3F2FA-4BA3-473F-AF6C-E7763406D8FA}.Debug|Any CPU.ActiveCfg = Debug|Any CPU
		{53F3F2FA-4BA3-473F-AF6C-E7763406D8FA}.Debug|Any CPU.Build.0 = Debug|Any CPU
	EndGlobalSection
	GlobalSection(SolutionProperties) = preSolution
		HideSolutionNode = FALSE
	EndGlobalSection
EndGlobal
